
Microsoft Visual Studio Solution File, Format Version 12.00
# Visual Studio Version 17
VisualStudioVersion = 17.0.31903.59
MinimumVisualStudioVersion = 10.0.40219.1
Project("{6EC3EE1D-3C4E-46DD-8F32-0CC8E7565705}") = "leetcode", "leetcode\leetcode.fsproj", "{223FB631-4313-4573-9643-B85180F2440F}"
EndProject
Project("{2150E333-8FDC-42A3-9474-1A3956D46DE8}") = "Solution Items", "Solution Items", "{7B23CD82-6EAD-4BBD-AE5B-B72904B70717}"
	ProjectSection(SolutionItems) = preProject
		.gitignore = .gitignore
		README.md = README.md
	EndProjectSection
EndProject
Global
	GlobalSection(SolutionConfigurationPlatforms) = preSolution
		Debug|Any CPU = Debug|Any CPU
		Release|Any CPU = Release|Any CPU
	EndGlobalSection
	GlobalSection(ProjectConfigurationPlatforms) = postSolution
		{223FB631-4313-4573-9643-B85180F2440F}.Debug|Any CPU.ActiveCfg = Debug|Any CPU
		{223FB631-4313-4573-9643-B85180F2440F}.Debug|Any CPU.Build.0 = Debug|Any CPU
		{223FB631-4313-4573-9643-B85180F2440F}.Release|Any CPU.ActiveCfg = Release|Any CPU
		{223FB631-4313-4573-9643-B85180F2440F}.Release|Any CPU.Build.0 = Release|Any CPU
	EndGlobalSection
	GlobalSection(SolutionProperties) = preSolution
		HideSolutionNode = FALSE
	EndGlobalSection
	GlobalSection(ExtensibilityGlobals) = postSolution
		SolutionGuid = {34CCC528-9720-4857-926C-31515B96513B}
	EndGlobalSection
EndGlobal
